Microsoft Visual Studio Solution File, Format Version 12.00
# Visual Studio 14
VisualStudioVersion = 14.0.23107.0
MinimumVisualStudioVersion = 10.0.40219.1
Project("{8BC9CEB8-8B4A-11D0-8D11-00A0C91BC942}") = "Client", "client.vcxproj", "{47121236-C12D-4826-AA98-1D74AED55AC7}"
EndProject
Project("{8BC9CEB8-8B4A-11D0-8D11-00A0C91BC942}") = "Engine", "..\engine\Engine.vcxproj", "{618AEDF2-D2EF-48CC-B947-535AA3334860}"
EndProject
Project("{8BC9CEB8-8B4A-11D0-8D11-00A0C91BC942}") = "EncDec", "..\EncDec\EncDec.vcxproj", "{EE3659BF-2D9D-47FD-978C-86D061160279}"
EndProject
Project("{8BC9CEB8-8B4A-11D0-8D11-00A0C91BC942}") = "gui", "..\gui\gui.vcxproj", "{C91E7E41-22CA-44BA-8724-E21C30A6E86D}"
EndProject
Project("{8BC9CEB8-8B4A-11D0-8D11-00A0C91BC942}") = "Magic", "..\Magic\Magic.vcxproj", "{489B43B4-A123-4D79-83D3-9371734D0B1C}"
EndProject
Project("{8BC9CEB8-8B4A-11D0-8D11-00A0C91BC942}") = "Media", "..\Media\Media.vcxproj", "{535E136A-16E5-4F9C-AFCA-F46B254B2643}"
EndProject
Project("{8BC9CEB8-8B4A-11D0-8D11-00A0C91BC942}") = "Property", "..\Property\Property.vcxproj", "{747ADBD4-8A04-4397-8C07-2DEB5060AD89}"
EndProject
Project("{8BC9CEB8-8B4A-11D0-8D11-00A0C91BC942}") = "xml_parse", "..\xml_parse\xml_parse.vcxproj", "{26542611-9E38-4313-B936-E1F28BBBE775}"
EndProject
Project("{8BC9CEB8-8B4A-11D0-8D11-00A0C91BC942}") = "zlib", "..\zlib\zlib.vcxproj", "{637D8B0F-0D69-4ED3-A278-01998E5C4F99}"
EndProject
Project("{8BC9CEB8-8B4A-11D0-8D11-00A0C91BC942}") = "liblua", "..\lua-5.0.2\liblua\liblua.vcproj", "{C138E763-D938-494C-AA99-3C1467A57C7A}"
EndProject
Project("{8BC9CEB8-8B4A-11D0-8D11-00A0C91BC942}") = "liblualib", "..\lua-5.0.2\liblualib\liblualib.vcproj", "{0B859110-58A1-495D-98B6-8DFFF8E3B3ED}"
EndProject
Project("{8BC9CEB8-8B4A-11D0-8D11-00A0C91BC942}") = "RenderD3D8", "..\RenderD3D\RenderD3D8.vcxproj", "{8C538C8F-765A-4203-B695-34A2115FFBA1}"
EndProject
Project("{8BC9CEB8-8B4A-11D0-8D11-00A0C91BC942}") = "greta", "..\greta\greta.vcxproj", "{AB423674-4131-4007-97C1-54EE3864FB40}"
EndProject
Project("{8BC9CEB8-8B4A-11D0-8D11-00A0C91BC942}") = "luabind", "..\luabind\luabind.vcxproj", "{5B2EA287-461D-4729-A274-B60FC1B5FDF9}"
EndProject
Global
	GlobalSection(SolutionConfigurationPlatforms) = preSolution
		Debug_Tool|x86 = Debug_Tool|x86
		Debug|x86 = Debug|x86
		DebugTool|x86 = DebugTool|x86
		Release_Tool|x86 = Release_Tool|x86
		Release|x86 = Release|x86
		ReleaseAutoPlay|x86 = ReleaseAutoPlay|x86
		ReleaseTest|x86 = ReleaseTest|x86
		ReleaseTool|x86 = ReleaseTool|x86
	EndGlobalSection
	GlobalSection(ProjectConfigurationPlatforms) = postSolution
		{47121236-C12D-4826-AA98-1D74AED55AC7}.Debug_Tool|x86.ActiveCfg = Debug|Win32
		{47121236-C12D-4826-AA98-1D74AED55AC7}.Debug_Tool|x86.Build.0 = Debug|Win32
		{47121236-C12D-4826-AA98-1D74AED55AC7}.Debug|x86.ActiveCfg = Debug|Win32
		{47121236-C12D-4826-AA98-1D74AED55AC7}.Debug|x86.Build.0 = Debug|Win32
		{47121236-C12D-4826-AA98-1D74AED55AC7}.DebugTool|x86.ActiveCfg = Debug|Win32
		{47121236-C12D-4826-AA98-1D74AED55AC7}.DebugTool|x86.Build.0 = Debug|Win32
		{47121236-C12D-4826-AA98-1D74AED55AC7}.Release_Tool|x86.ActiveCfg = Release|Win32
		{47121236-C12D-4826-AA98-1D74AED55AC7}.Release_Tool|x86.Build.0 = Release|Win32
		{47121236-C12D-4826-AA98-1D74AED55AC7}.Release|x86.ActiveCfg = Release|Win32
		{47121236-C12D-4826-AA98-1D74AED55AC7}.Release|x86.Build.0 = Release|Win32
		{47121236-C12D-4826-AA98-1D74AED55AC7}.ReleaseAutoPlay|x86.ActiveCfg = ReleaseAutoPlay|Win32
		{47121236-C12D-4826-AA98-1D74AED55AC7}.ReleaseAutoPlay|x86.Build.0 = ReleaseAutoPlay|Win32
		{47121236-C12D-4826-AA98-1D74AED55AC7}.ReleaseTest|x86.ActiveCfg = ReleaseTest|Win32
		{47121236-C12D-4826-AA98-1D74AED55AC7}.ReleaseTest|x86.Build.0 = ReleaseTest|Win32
		{47121236-C12D-4826-AA98-1D74AED55AC7}.ReleaseTool|x86.ActiveCfg = ReleaseTest|Win32
		{618AEDF2-D2EF-48CC-B947-535AA3334860}.Debug_Tool|x86.ActiveCfg = Debug|Win32
		{618AEDF2-D2EF-48CC-B947-535AA3334860}.Debug_Tool|x86.Build.0 = Debug|Win32
		{618AEDF2-D2EF-48CC-B947-535AA3334860}.Debug|x86.ActiveCfg = Debug|Win32
		{618AEDF2-D2EF-48CC-B947-535AA3334860}.Debug|x86.Build.0 = Debug|Win32
		{618AEDF2-D2EF-48CC-B947-535AA3334860}.DebugTool|x86.ActiveCfg = Debug|Win32
		{618AEDF2-D2EF-48CC-B947-535AA3334860}.Release_Tool|x86.ActiveCfg = Release|Win32
		{618AEDF2-D2EF-48CC-B947-535AA3334860}.Release_Tool|x86.Build.0 = Release|Win32
		{618AEDF2-D2EF-48CC-B947-535AA3334860}.Release|x86.ActiveCfg = Release|Win32
		{618AEDF2-D2EF-48CC-B947-535AA3334860}.Release|x86.Build.0 = Release|Win32
		{618AEDF2-D2EF-48CC-B947-535AA3334860}.ReleaseAutoPlay|x86.ActiveCfg = Release|Win32
		{618AEDF2-D2EF-48CC-B947-535AA3334860}.ReleaseAutoPlay|x86.Build.0 = Release|Win32
		{618AEDF2-D2EF-48CC-B947-535AA3334860}.ReleaseTest|x86.ActiveCfg = ReleaseTest|Win32
		{618AEDF2-D2EF-48CC-B947-535AA3334860}.ReleaseTest|x86.Build.0 = ReleaseTest|Win32
		{618AEDF2-D2EF-48CC-B947-535AA3334860}.ReleaseTool|x86.ActiveCfg = ReleaseTest|Win32
		{EE3659BF-2D9D-47FD-978C-86D061160279}.Debug_Tool|x86.ActiveCfg = Debug|Win32
		{EE3659BF-2D9D-47FD-978C-86D061160279}.Debug_Tool|x86.Build.0 = Debug|Win32
		{EE3659BF-2D9D-47FD-978C-86D061160279}.Debug|x86.ActiveCfg = Debug|Win32
		{EE3659BF-2D9D-47FD-978C-86D061160279}.Debug|x86.Build.0 = Debug|Win32
		{EE3659BF-2D9D-47FD-978C-86D061160279}.DebugTool|x86.ActiveCfg = DebugTool|Win32
		{EE3659BF-2D9D-47FD-978C-86D061160279}.Release_Tool|x86.ActiveCfg = Release|Win32
		{EE3659BF-2D9D-47FD-978C-86D061160279}.Release_Tool|x86.Build.0 = Release|Win32
		{EE3659BF-2D9D-47FD-978C-86D061160279}.Release|x86.ActiveCfg = Release|Win32
		{EE3659BF-2D9D-47FD-978C-86D061160279}.Release|x86.Build.0 = Release|Win32
		{EE3659BF-2D9D-47FD-978C-86D061160279}.ReleaseAutoPlay|x86.ActiveCfg = Release|Win32
		{EE3659BF-2D9D-47FD-978C-86D061160279}.ReleaseAutoPlay|x86.Build.0 = Release|Win32
		{EE3659BF-2D9D-47FD-978C-86D061160279}.ReleaseTest|x86.ActiveCfg = ReleaseTest|Win32
		{EE3659BF-2D9D-47FD-978C-86D061160279}.ReleaseTest|x86.Build.0 = ReleaseTest|Win32
		{EE3659BF-2D9D-47FD-978C-86D061160279}.ReleaseTool|x86.ActiveCfg = ReleaseTool|Win32
		{C91E7E41-22CA-44BA-8724-E21C30A6E86D}.Debug_Tool|x86.ActiveCfg = Debug|Win32
		{C91E7E41-22CA-44BA-8724-E21C30A6E86D}.Debug_Tool|x86.Build.0 = Debug|Win32
		{C91E7E41-22CA-44BA-8724-E21C30A6E86D}.Debug|x86.ActiveCfg = Debug|Win32
		{C91E7E41-22CA-44BA-8724-E21C30A6E86D}.Debug|x86.Build.0 = Debug|Win32
		{C91E7E41-22CA-44BA-8724-E21C30A6E86D}.DebugTool|x86.ActiveCfg = Debug|Win32
		{C91E7E41-22CA-44BA-8724-E21C30A6E86D}.DebugTool|x86.Build.0 = Debug|Win32
		{C91E7E41-22CA-44BA-8724-E21C30A6E86D}.Release_Tool|x86.ActiveCfg = Release|Win32
		{C91E7E41-22CA-44BA-8724-E21C30A6E86D}.Release_Tool|x86.Build.0 = Release|Win32
		{C91E7E41-22CA-44BA-8724-E21C30A6E86D}.Release|x86.ActiveCfg = Release|Win32
		{C91E7E41-22CA-44BA-8724-E21C30A6E86D}.Release|x86.Build.0 = Release|Win32
		{C91E7E41-22CA-44BA-8724-E21C30A6E86D}.ReleaseAutoPlay|x86.ActiveCfg = Release|Win32
		{C91E7E41-22CA-44BA-8724-E21C30A6E86D}.ReleaseAutoPlay|x86.Build.0 = Release|Win32
		{C91E7E41-22CA-44BA-8724-E21C30A6E86D}.ReleaseTest|x86.ActiveCfg = ReleaseTest|Win32
		{C91E7E41-22CA-44BA-8724-E21C30A6E86D}.ReleaseTest|x86.Build.0 = ReleaseTest|Win32
		{C91E7E41-22CA-44BA-8724-E21C30A6E86D}.ReleaseTool|x86.ActiveCfg = ReleaseTest|Win32
		{489B43B4-A123-4D79-83D3-9371734D0B1C}.Debug_Tool|x86.ActiveCfg = Debug_Tool|Win32
		{489B43B4-A123-4D79-83D3-9371734D0B1C}.Debug_Tool|x86.Build.0 = Debug_Tool|Win32
		{489B43B4-A123-4D79-83D3-9371734D0B1C}.Debug|x86.ActiveCfg = Debug|Win32
		{489B43B4-A123-4D79-83D3-9371734D0B1C}.Debug|x86.Build.0 = Debug|Win32
		{489B43B4-A123-4D79-83D3-9371734D0B1C}.DebugTool|x86.ActiveCfg = Debug_Tool|Win32
		{489B43B4-A123-4D79-83D3-9371734D0B1C}.Release_Tool|x86.ActiveCfg = Release|Win32
		{489B43B4-A123-4D79-83D3-9371734D0B1C}.Release_Tool|x86.Build.0 = Release|Win32
		{489B43B4-A123-4D79-83D3-9371734D0B1C}.Release|x86.ActiveCfg = Release|Win32
		{489B43B4-A123-4D79-83D3-9371734D0B1C}.Release|x86.Build.0 = Release|Win32
		{489B43B4-A123-4D79-83D3-9371734D0B1C}.ReleaseAutoPlay|x86.ActiveCfg = Release|Win32
		{489B43B4-A123-4D79-83D3-9371734D0B1C}.ReleaseAutoPlay|x86.Build.0 = Release|Win32
		{489B43B4-A123-4D79-83D3-9371734D0B1C}.ReleaseTest|x86.ActiveCfg = ReleaseTest|Win32
		{489B43B4-A123-4D79-83D3-9371734D0B1C}.ReleaseTest|x86.Build.0 = ReleaseTest|Win32
		{489B43B4-A123-4D79-83D3-9371734D0B1C}.ReleaseTool|x86.ActiveCfg = ReleaseTest|Win32
		{535E136A-16E5-4F9C-AFCA-F46B254B2643}.Debug_Tool|x86.ActiveCfg = Debug|Win32
		{535E136A-16E5-4F9C-AFCA-F46B254B2643}.Debug_Tool|x86.Build.0 = Debug|Win32
		{535E136A-16E5-4F9C-AFCA-F46B254B2643}.Debug|x86.ActiveCfg = Debug|Win32
		{535E136A-16E5-4F9C-AFCA-F46B254B2643}.Debug|x86.Build.0 = Debug|Win32
		{535E136A-16E5-4F9C-AFCA-F46B254B2643}.DebugTool|x86.ActiveCfg = Debug|Win32
		{535E136A-16E5-4F9C-AFCA-F46B254B2643}.Release_Tool|x86.ActiveCfg = Release|Win32
		{535E136A-16E5-4F9C-AFCA-F46B254B2643}.Release_Tool|x86.Build.0 = Release|Win32
		{535E136A-16E5-4F9C-AFCA-F46B254B2643}.Release|x86.ActiveCfg = Release|Win32
		{535E136A-16E5-4F9C-AFCA-F46B254B2643}.Release|x86.Build.0 = Release|Win32
		{535E136A-16E5-4F9C-AFCA-F46B254B2643}.ReleaseAutoPlay|x86.ActiveCfg = Release|Win32
		{535E136A-16E5-4F9C-AFCA-F46B254B2643}.ReleaseAutoPlay|x86.Build.0 = Release|Win32
		{535E136A-16E5-4F9C-AFCA-F46B254B2643}.ReleaseTest|x86.ActiveCfg = ReleaseTest|Win32
		{535E136A-16E5-4F9C-AFCA-F46B254B2643}.ReleaseTest|x86.Build.0 = ReleaseTest|Win32
		{535E136A-16E5-4F9C-AFCA-F46B254B2643}.ReleaseTool|x86.ActiveCfg = ReleaseTest|Win32
		{747ADBD4-8A04-4397-8C07-2DEB5060AD89}.Debug_Tool|x86.ActiveCfg = Debug_Tool|Win32
		{747ADBD4-8A04-4397-8C07-2DEB5060AD89}.Debug_Tool|x86.Build.0 = Debug_Tool|Win32
		{747ADBD4-8A04-4397-8C07-2DEB5060AD89}.Debug|x86.ActiveCfg = Debug|Win32
		{747ADBD4-8A04-4397-8C07-2DEB5060AD89}.Debug|x86.Build.0 = Debug|Win32
		{747ADBD4-8A04-4397-8C07-2DEB5060AD89}.DebugTool|x86.ActiveCfg = Debug_Tool|Win32
		{747ADBD4-8A04-4397-8C07-2DEB5060AD89}.Release_Tool|x86.ActiveCfg = Release|Win32
		{747ADBD4-8A04-4397-8C07-2DEB5060AD89}.Release_Tool|x86.Build.0 = Release|Win32
		{747ADBD4-8A04-4397-8C07-2DEB5060AD89}.Release|x86.ActiveCfg = Release|Win32
		{747ADBD4-8A04-4397-8C07-2DEB5060AD89}.Release|x86.Build.0 = Release|Win32
		{747ADBD4-8A04-4397-8C07-2DEB5060AD89}.ReleaseAutoPlay|x86.ActiveCfg = Release|Win32
		{747ADBD4-8A04-4397-8C07-2DEB5060AD89}.ReleaseAutoPlay|x86.Build.0 = Release|Win32
		{747ADBD4-8A04-4397-8C07-2DEB5060AD89}.ReleaseTest|x86.ActiveCfg = ReleaseTest|Win32
		{747ADBD4-8A04-4397-8C07-2DEB5060AD89}.ReleaseTest|x86.Build.0 = ReleaseTest|Win32
		{747ADBD4-8A04-4397-8C07-2DEB5060AD89}.ReleaseTool|x86.ActiveCfg = ReleaseTest|Win32
		{26542611-9E38-4313-B936-E1F28BBBE775}.Debug_Tool|x86.ActiveCfg = Debug|Win32
		{26542611-9E38-4313-B936-E1F28BBBE775}.Debug_Tool|x86.Build.0 = Debug|Win32
		{26542611-9E38-4313-B936-E1F28BBBE775}.Debug|x86.ActiveCfg = Debug|Win32
		{26542611-9E38-4313-B936-E1F28BBBE775}.Debug|x86.Build.0 = Debug|Win32
		{26542611-9E38-4313-B936-E1F28BBBE775}.DebugTool|x86.ActiveCfg = Debug|Win32
		{26542611-9E38-4313-B936-E1F28BBBE775}.Release_Tool|x86.ActiveCfg = Release|Win32
		{26542611-9E38-4313-B936-E1F28BBBE775}.Release_Tool|x86.Build.0 = Release|Win32
		{26542611-9E38-4313-B936-E1F28BBBE775}.Release|x86.ActiveCfg = Release|Win32
		{26542611-9E38-4313-B936-E1F28BBBE775}.Release|x86.Build.0 = Release|Win32
		{26542611-9E38-4313-B936-E1F28BBBE775}.ReleaseAutoPlay|x86.ActiveCfg = Release|Win32
		{26542611-9E38-4313-B936-E1F28BBBE775}.ReleaseAutoPlay|x86.Build.0 = Release|Win32
		{26542611-9E38-4313-B936-E1F28BBBE775}.ReleaseTest|x86.ActiveCfg = ReleaseTest|Win32
		{26542611-9E38-4313-B936-E1F28BBBE775}.ReleaseTest|x86.Build.0 = ReleaseTest|Win32
		{26542611-9E38-4313-B936-E1F28BBBE775}.ReleaseTool|x86.ActiveCfg = ReleaseTest|Win32
		{637D8B0F-0D69-4ED3-A278-01998E5C4F99}.Debug_Tool|x86.ActiveCfg = Debug|Win32
		{637D8B0F-0D69-4ED3-A278-01998E5C4F99}.Debug_Tool|x86.Build.0 = Debug|Win32
		{637D8B0F-0D69-4ED3-A278-01998E5C4F99}.Debug|x86.ActiveCfg = Debug|Win32
		{637D8B0F-0D69-4ED3-A278-01998E5C4F99}.Debug|x86.Build.0 = Debug|Win32
		{637D8B0F-0D69-4ED3-A278-01998E5C4F99}.DebugTool|x86.ActiveCfg = Debug|Win32
		{637D8B0F-0D69-4ED3-A278-01998E5C4F99}.Release_Tool|x86.ActiveCfg = Release|Win32
		{637D8B0F-0D69-4ED3-A278-01998E5C4F99}.Release_Tool|x86.Build.0 = Release|Win32
		{637D8B0F-0D69-4ED3-A278-01998E5C4F99}.Release|x86.ActiveCfg = Release|Win32
		{637D8B0F-0D69-4ED3-A278-01998E5C4F99}.Release|x86.Build.0 = Release|Win32
		{637D8B0F-0D69-4ED3-A278-01998E5C4F99}.ReleaseAutoPlay|x86.ActiveCfg = Release|Win32
		{637D8B0F-0D69-4ED3-A278-01998E5C4F99}.ReleaseAutoPlay|x86.Build.0 = Release|Win32
		{637D8B0F-0D69-4ED3-A278-01998E5C4F99}.ReleaseTest|x86.ActiveCfg = Release|Win32
		{637D8B0F-0D69-4ED3-A278-01998E5C4F99}.ReleaseTest|x86.Build.0 = Release|Win32
		{637D8B0F-0D69-4ED3-A278-01998E5C4F99}.ReleaseTool|x86.ActiveCfg = Release|Win32
		{637D8B0F-0D69-4ED3-A278-01998E5C4F99}.ReleaseTool|x86.Build.0 = Release|Win32
		{C138E763-D938-494C-AA99-3C1467A57C7A}.Debug_Tool|x86.ActiveCfg = Debug|Win32
		{C138E763-D938-494C-AA99-3C1467A57C7A}.Debug|x86.ActiveCfg = Debug|Win32
		{C138E763-D938-494C-AA99-3C1467A57C7A}.DebugTool|x86.ActiveCfg = Debug|Win32
		{C138E763-D938-494C-AA99-3C1467A57C7A}.Release_Tool|x86.ActiveCfg = Release|Win32
		{C138E763-D938-494C-AA99-3C1467A57C7A}.Release|x86.ActiveCfg = Release|Win32
		{C138E763-D938-494C-AA99-3C1467A57C7A}.ReleaseAutoPlay|x86.ActiveCfg = Release|Win32
		{C138E763-D938-494C-AA99-3C1467A57C7A}.ReleaseTest|x86.ActiveCfg = Release|Win32
		{C138E763-D938-494C-AA99-3C1467A57C7A}.ReleaseTool|x86.ActiveCfg = Release|Win32
		{0B859110-58A1-495D-98B6-8DFFF8E3B3ED}.Debug_Tool|x86.ActiveCfg = Debug|Win32
		{0B859110-58A1-495D-98B6-8DFFF8E3B3ED}.Debug|x86.ActiveCfg = Debug|Win32
		{0B859110-58A1-495D-98B6-8DFFF8E3B3ED}.DebugTool|x86.ActiveCfg = Debug|Win32
		{0B859110-58A1-495D-98B6-8DFFF8E3B3ED}.Release_Tool|x86.ActiveCfg = Release|Win32
		{0B859110-58A1-495D-98B6-8DFFF8E3B3ED}.Release|x86.ActiveCfg = Release|Win32
		{0B859110-58A1-495D-98B6-8DFFF8E3B3ED}.ReleaseAutoPlay|x86.ActiveCfg = Release|Win32
		{0B859110-58A1-495D-98B6-8DFFF8E3B3ED}.ReleaseTest|x86.ActiveCfg = Release|Win32
		{0B859110-58A1-495D-98B6-8DFFF8E3B3ED}.ReleaseTool|x86.ActiveCfg = Release|Win32
		{8C538C8F-765A-4203-B695-34A2115FFBA1}.Debug_Tool|x86.ActiveCfg = Debug|Win32
		{8C538C8F-765A-4203-B695-34A2115FFBA1}.Debug_Tool|x86.Build.0 = Debug|Win32
		{8C538C8F-765A-4203-B695-34A2115FFBA1}.Debug|x86.ActiveCfg = Debug|Win32
		{8C538C8F-765A-4203-B695-34A2115FFBA1}.Debug|x86.Build.0 = Debug|Win32
		{8C538C8F-765A-4203-B695-34A2115FFBA1}.DebugTool|x86.ActiveCfg = Debug|Win32
		{8C538C8F-765A-4203-B695-34A2115FFBA1}.Release_Tool|x86.ActiveCfg = Release|Win32
		{8C538C8F-765A-4203-B695-34A2115FFBA1}.Release_Tool|x86.Build.0 = Release|Win32
		{8C538C8F-765A-4203-B695-34A2115FFBA1}.Release|x86.ActiveCfg = Release|Win32
		{8C538C8F-765A-4203-B695-34A2115FFBA1}.Release|x86.Build.0 = Release|Win32
		{8C538C8F-765A-4203-B695-34A2115FFBA1}.ReleaseAutoPlay|x86.ActiveCfg = Release|Win32
		{8C538C8F-765A-4203-B695-34A2115FFBA1}.ReleaseAutoPlay|x86.Build.0 = Release|Win32
		{8C538C8F-765A-4203-B695-34A2115FFBA1}.ReleaseTest|x86.ActiveCfg = ReleaseTest|Win32
		{8C538C8F-765A-4203-B695-34A2115FFBA1}.ReleaseTest|x86.Build.0 = ReleaseTest|Win32
		{8C538C8F-765A-4203-B695-34A2115FFBA1}.ReleaseTool|x86.ActiveCfg = ReleaseTest|Win32
		{AB423674-4131-4007-97C1-54EE3864FB40}.Debug_Tool|x86.ActiveCfg = Debug|Win32
		{AB423674-4131-4007-97C1-54EE3864FB40}.Debug_Tool|x86.Build.0 = Debug|Win32
		{AB423674-4131-4007-97C1-54EE3864FB40}.Debug|x86.ActiveCfg = Debug|Win32
		{AB423674-4131-4007-97C1-54EE3864FB40}.Debug|x86.Build.0 = Debug|Win32
		{AB423674-4131-4007-97C1-54EE3864FB40}.DebugTool|x86.ActiveCfg = Debug|Win32
		{AB423674-4131-4007-97C1-54EE3864FB40}.Release_Tool|x86.ActiveCfg = Release|Win32
		{AB423674-4131-4007-97C1-54EE3864FB40}.Release_Tool|x86.Build.0 = Release|Win32
		{AB423674-4131-4007-97C1-54EE3864FB40}.Release|x86.ActiveCfg = Release|Win32
		{AB423674-4131-4007-97C1-54EE3864FB40}.Release|x86.Build.0 = Release|Win32
		{AB423674-4131-4007-97C1-54EE3864FB40}.ReleaseAutoPlay|x86.ActiveCfg = Release|Win32
		{AB423674-4131-4007-97C1-54EE3864FB40}.ReleaseAutoPlay|x86.Build.0 = Release|Win32
		{AB423674-4131-4007-97C1-54EE3864FB40}.ReleaseTest|x86.ActiveCfg = Release|Win32
		{AB423674-4131-4007-97C1-54EE3864FB40}.ReleaseTest|x86.Build.0 = Release|Win32
		{AB423674-4131-4007-97C1-54EE3864FB40}.ReleaseTool|x86.ActiveCfg = Release|Win32
		{AB423674-4131-4007-97C1-54EE3864FB40}.ReleaseTool|x86.Build.0 = Release|Win32
		{5B2EA287-461D-4729-A274-B60FC1B5FDF9}.Debug_Tool|x86.ActiveCfg = Debug|Win32
		{5B2EA287-461D-4729-A274-B60FC1B5FDF9}.Debug_Tool|x86.Build.0 = Debug|Win32
		{5B2EA287-461D-4729-A274-B60FC1B5FDF9}.Debug|x86.ActiveCfg = Debug|Win32
		{5B2EA287-461D-4729-A274-B60FC1B5FDF9}.Debug|x86.Build.0 = Debug|Win32
		{5B2EA287-461D-4729-A274-B60FC1B5FDF9}.DebugTool|x86.ActiveCfg = Debug|Win32
		{5B2EA287-461D-4729-A274-B60FC1B5FDF9}.DebugTool|x86.Build.0 = Debug|Win32
		{5B2EA287-461D-4729-A274-B60FC1B5FDF9}.Release_Tool|x86.ActiveCfg = Release|Win32
		{5B2EA287-461D-4729-A274-B60FC1B5FDF9}.Release_Tool|x86.Build.0 = Release|Win32
		{5B2EA287-461D-4729-A274-B60FC1B5FDF9}.Release|x86.ActiveCfg = Release|Win32
		{5B2EA287-461D-4729-A274-B60FC1B5FDF9}.Release|x86.Build.0 = Release|Win32
		{5B2EA287-461D-4729-A274-B60FC1B5FDF9}.ReleaseAutoPlay|x86.ActiveCfg = Release|Win32
		{5B2EA287-461D-4729-A274-B60FC1B5FDF9}.ReleaseAutoPlay|x86.Build.0 = Release|Win32
		{5B2EA287-461D-4729-A274-B60FC1B5FDF9}.ReleaseTest|x86.ActiveCfg = Release|Win32
		{5B2EA287-461D-4729-A274-B60FC1B5FDF9}.ReleaseTest|x86.Build.0 = Release|Win32
		{5B2EA287-461D-4729-A274-B60FC1B5FDF9}.ReleaseTool|x86.ActiveCfg = Release|Win32
		{5B2EA287-461D-4729-A274-B60FC1B5FDF9}.ReleaseTool|x86.Build.0 = Release|Win32
	EndGlobalSection
	GlobalSection(SolutionProperties) = preSolution
		HideSolutionNode = FALSE
	EndGlobalSection
EndGlobal
