<?xml version="1.0" encoding="utf-8"?>
<Project ToolsVersion="4.0" xmlns="http://schemas.microsoft.com/developer/msbuild/2003">
  <ItemGroup>
    <Filter Include="源文件">
      <UniqueIdentifier>{2e71bae4-be54-4ee8-b14e-2bb7ee5154e0}</UniqueIdentifier>
      <Extensions>cpp;c;cxx;def;odl;idl;hpj;bat;asm</Extensions>
    </Filter>
    <Filter Include="头文件">
      <UniqueIdentifier>{de7661e9-e451-43c2-bd48-22b94e486140}</UniqueIdentifier>
      <Extensions>h;hpp;hxx;hm;inl;inc</Extensions>
    </Filter>
    <Filter Include="Extra">
      <UniqueIdentifier>{440f9f82-da3b-4349-88e3-6415e95c9462}</UniqueIdentifier>
    </Filter>
  </ItemGroup>
  <ItemGroup>
    <ClCompile Include="cFileOP.cpp">
      <Filter>源文件</Filter>
    </ClCompile>
    <ClCompile Include="cPropertyTable.cpp">
      <Filter>源文件</Filter>
    </ClCompile>
    <ClCompile Include="cTableManager.cpp">
      <Filter>源文件</Filter>
    </ClCompile>
  </ItemGroup>
  <ItemGroup>
    <ClInclude Include="cFileOP.h">
      <Filter>头文件</Filter>
    </ClInclude>
    <ClInclude Include="cPropertyTable.h">
      <Filter>头文件</Filter>
    </ClInclude>
    <ClInclude Include="cTableManager.h">
      <Filter>头文件</Filter>
    </ClInclude>
    <ClInclude Include="iProperty.h">
      <Filter>头文件</Filter>
    </ClInclude>
    <ClInclude Include="public.h">
      <Filter>头文件</Filter>
    </ClInclude>
    <ClInclude Include="Resource.h">
      <Filter>头文件</Filter>
    </ClInclude>
  </ItemGroup>
  <ItemGroup>
    <Text Include="ReadMe.txt" />
  </ItemGroup>
</Project>