<?xml version="1.0" encoding="utf-8"?>
<Project ToolsVersion="4.0" xmlns="http://schemas.microsoft.com/developer/msbuild/2003">
  <ItemGroup>
    <Filter Include="源文件">
      <UniqueIdentifier>{4FC737F1-C7A5-4376-A066-2A32D752A2FF}</UniqueIdentifier>
      <Extensions>cpp;c;cxx;def;odl;idl;hpj;bat;asm;asmx</Extensions>
    </Filter>
    <Filter Include="头文件">
      <UniqueIdentifier>{93995380-89BD-4b04-88EB-625FBE52EBFB}</UniqueIdentifier>
      <Extensions>h;hpp;hxx;hm;inl;inc;xsd</Extensions>
    </Filter>
    <Filter Include="资源文件">
      <UniqueIdentifier>{67DA6AB6-F800-4c08-8B7A-83BB121AAD01}</UniqueIdentifier>
      <Extensions>rc;ico;cur;bmp;dlg;rc2;rct;bin;rgs;gif;jpg;jpeg;jpe;resx</Extensions>
    </Filter>
  </ItemGroup>
  <ItemGroup>
    <ClCompile Include="source\CustomTexture.cpp">
      <Filter>源文件</Filter>
    </ClCompile>
    <ClCompile Include="source\D3DBitmap.cpp">
      <Filter>源文件</Filter>
    </ClCompile>
    <ClCompile Include="source\D3DBitmapList.cpp">
      <Filter>源文件</Filter>
    </ClCompile>
    <ClCompile Include="source\D3DCursor.cpp">
      <Filter>源文件</Filter>
    </ClCompile>
    <ClCompile Include="source\D3DDevice.cpp">
      <Filter>源文件</Filter>
    </ClCompile>
    <ClCompile Include="source\D3DDeviceDraw.cpp">
      <Filter>源文件</Filter>
    </ClCompile>
    <ClCompile Include="source\D3DFont.cpp">
      <Filter>源文件</Filter>
    </ClCompile>
    <ClCompile Include="source\D3DLightMap.cpp">
      <Filter>源文件</Filter>
    </ClCompile>
    <ClCompile Include="source\D3DMBitmap.cpp">
      <Filter>源文件</Filter>
    </ClCompile>
    <ClCompile Include="source\D3DTextout.cpp">
      <Filter>源文件</Filter>
    </ClCompile>
    <ClCompile Include="source\RenderD3D.cpp">
      <Filter>源文件</Filter>
    </ClCompile>
    <ClCompile Include="source\TextureAllocator.cpp">
      <Filter>源文件</Filter>
    </ClCompile>
    <ClCompile Include="source\TextureCache.cpp">
      <Filter>源文件</Filter>
    </ClCompile>
    <ClCompile Include="source\TextureCell.cpp">
      <Filter>源文件</Filter>
    </ClCompile>
    <ClCompile Include="source\TextureGroup.cpp">
      <Filter>源文件</Filter>
    </ClCompile>
    <ClCompile Include="source\TextureLine.cpp">
      <Filter>源文件</Filter>
    </ClCompile>
    <ClCompile Include="source\TextureManager.cpp">
      <Filter>源文件</Filter>
    </ClCompile>
  </ItemGroup>
  <ItemGroup>
    <ClInclude Include="include\CustomTexture.h">
      <Filter>头文件</Filter>
    </ClInclude>
    <ClInclude Include="include\D3DBitmap.h">
      <Filter>头文件</Filter>
    </ClInclude>
    <ClInclude Include="include\D3DBitmapList.h">
      <Filter>头文件</Filter>
    </ClInclude>
    <ClInclude Include="include\D3DCursor.h">
      <Filter>头文件</Filter>
    </ClInclude>
    <ClInclude Include="include\D3DDevice.h">
      <Filter>头文件</Filter>
    </ClInclude>
    <ClInclude Include="include\D3DFont.h">
      <Filter>头文件</Filter>
    </ClInclude>
    <ClInclude Include="include\D3DInterface.h">
      <Filter>头文件</Filter>
    </ClInclude>
    <ClInclude Include="include\D3DLightMap.h">
      <Filter>头文件</Filter>
    </ClInclude>
    <ClInclude Include="include\D3DMBitmap.h">
      <Filter>头文件</Filter>
    </ClInclude>
    <ClInclude Include="include\D3DTextout.h">
      <Filter>头文件</Filter>
    </ClInclude>
    <ClInclude Include="include\RenderD3D.h">
      <Filter>头文件</Filter>
    </ClInclude>
    <ClInclude Include="include\TextureAllocator.h">
      <Filter>头文件</Filter>
    </ClInclude>
    <ClInclude Include="include\TextureCache.h">
      <Filter>头文件</Filter>
    </ClInclude>
    <ClInclude Include="include\TextureCell.h">
      <Filter>头文件</Filter>
    </ClInclude>
    <ClInclude Include="include\TextureGroup.h">
      <Filter>头文件</Filter>
    </ClInclude>
    <ClInclude Include="include\TextureLine.h">
      <Filter>头文件</Filter>
    </ClInclude>
    <ClInclude Include="include\TextureManager.h">
      <Filter>头文件</Filter>
    </ClInclude>
  </ItemGroup>
  <ItemGroup>
    <FxCompile Include="source\monochromeHLSL.fx" />
  </ItemGroup>
  <ItemGroup>
    <Text Include="ReadMe.txt" />
  </ItemGroup>
</Project>