<?xml version="1.0" encoding="utf-8"?>
<Project ToolsVersion="4.0" xmlns="http://schemas.microsoft.com/developer/msbuild/2003">
  <ItemGroup>
    <Filter Include="源文件">
      <UniqueIdentifier>{dbe4f30f-993d-44c8-915a-ea88f62c50d9}</UniqueIdentifier>
      <Extensions>cpp;c;cxx;def;odl;idl;hpj;bat;asm</Extensions>
    </Filter>
    <Filter Include="头文件">
      <UniqueIdentifier>{31926e5f-f26d-46d2-8572-81cd9bd38762}</UniqueIdentifier>
      <Extensions>h;hpp;hxx;hm;inl;inc</Extensions>
    </Filter>
    <Filter Include="Interface">
      <UniqueIdentifier>{324bee12-a5df-4a62-acd2-506267e5b5b2}</UniqueIdentifier>
    </Filter>
    <Filter Include="Help">
      <UniqueIdentifier>{7d92a594-32fa-4211-ace3-0713bcd45e41}</UniqueIdentifier>
    </Filter>
  </ItemGroup>
  <ItemGroup>
    <ClCompile Include="cAnimation.cpp">
      <Filter>源文件</Filter>
    </ClCompile>
    <ClCompile Include="cAnimationArray.cpp">
      <Filter>源文件</Filter>
    </ClCompile>
    <ClCompile Include="cCharacter.cpp">
      <Filter>源文件</Filter>
    </ClCompile>
    <ClCompile Include="cFootprint.cpp">
      <Filter>源文件</Filter>
    </ClCompile>
    <ClCompile Include="cLight.cpp">
      <Filter>源文件</Filter>
    </ClCompile>
    <ClCompile Include="cMagic.cpp">
      <Filter>源文件</Filter>
    </ClCompile>
    <ClCompile Include="common.cpp">
      <Filter>源文件</Filter>
    </ClCompile>
    <ClCompile Include="FootprintManager.cpp">
      <Filter>源文件</Filter>
    </ClCompile>
    <ClCompile Include="Magic.cpp">
      <Filter>源文件</Filter>
    </ClCompile>
    <ClCompile Include="magic_sound.cpp">
      <Filter>源文件</Filter>
    </ClCompile>
    <ClCompile Include="MapScene.cpp">
      <Filter>源文件</Filter>
    </ClCompile>
    <ClCompile Include="MapSoundManager.cpp">
      <Filter>源文件</Filter>
    </ClCompile>
    <ClCompile Include="MapSurf.cpp">
      <Filter>源文件</Filter>
    </ClCompile>
    <ClCompile Include="ObjectBase.cpp">
      <Filter>源文件</Filter>
    </ClCompile>
    <ClCompile Include="Order.cpp">
      <Filter>源文件</Filter>
    </ClCompile>
    <ClCompile Include="SceneObject.cpp">
      <Filter>源文件</Filter>
    </ClCompile>
    <ClCompile Include="stMagic.cpp">
      <Filter>源文件</Filter>
    </ClCompile>
    <ClCompile Include="cCursor.cpp">
      <Filter>Help</Filter>
    </ClCompile>
    <ClCompile Include="map.cpp">
      <Filter>Help</Filter>
    </ClCompile>
  </ItemGroup>
  <ItemGroup>
    <ClInclude Include="cAnimation.h">
      <Filter>头文件</Filter>
    </ClInclude>
    <ClInclude Include="cAnimationArray.h">
      <Filter>头文件</Filter>
    </ClInclude>
    <ClInclude Include="cCharacter.h">
      <Filter>头文件</Filter>
    </ClInclude>
    <ClInclude Include="cFootprint.h">
      <Filter>头文件</Filter>
    </ClInclude>
    <ClInclude Include="CharacterOrder.h">
      <Filter>头文件</Filter>
    </ClInclude>
    <ClInclude Include="cLight.h">
      <Filter>头文件</Filter>
    </ClInclude>
    <ClInclude Include="cMagic.h">
      <Filter>头文件</Filter>
    </ClInclude>
    <ClInclude Include="FootprintManager.h">
      <Filter>头文件</Filter>
    </ClInclude>
    <ClInclude Include="magic_sound.h">
      <Filter>头文件</Filter>
    </ClInclude>
    <ClInclude Include="MapAddinManager.h">
      <Filter>头文件</Filter>
    </ClInclude>
    <ClInclude Include="MapScene.h">
      <Filter>头文件</Filter>
    </ClInclude>
    <ClInclude Include="MapSoundManager.h">
      <Filter>头文件</Filter>
    </ClInclude>
    <ClInclude Include="MapSurf.h">
      <Filter>头文件</Filter>
    </ClInclude>
    <ClInclude Include="ObjectBase.h">
      <Filter>头文件</Filter>
    </ClInclude>
    <ClInclude Include="Resource.h">
      <Filter>头文件</Filter>
    </ClInclude>
    <ClInclude Include="SceneObject.h">
      <Filter>头文件</Filter>
    </ClInclude>
    <ClInclude Include="iAnimation.h">
      <Filter>Interface</Filter>
    </ClInclude>
    <ClInclude Include="iCharacter.h">
      <Filter>Interface</Filter>
    </ClInclude>
    <ClInclude Include="iCursor.h">
      <Filter>Interface</Filter>
    </ClInclude>
    <ClInclude Include="iLight.h">
      <Filter>Interface</Filter>
    </ClInclude>
    <ClInclude Include="iMagic.h">
      <Filter>Interface</Filter>
    </ClInclude>
    <ClInclude Include="iObj.h">
      <Filter>Interface</Filter>
    </ClInclude>
    <ClInclude Include="public.h">
      <Filter>Interface</Filter>
    </ClInclude>
    <ClInclude Include="map.h">
      <Filter>Help</Filter>
    </ClInclude>
  </ItemGroup>
  <ItemGroup>
    <Text Include="ReadMe.txt" />
  </ItemGroup>
  <ItemGroup>
    <CustomBuild Include="cCursor.h">
      <Filter>Help</Filter>
    </CustomBuild>
  </ItemGroup>
</Project>