<?xml version="1.0" encoding="utf-8"?>
<Project ToolsVersion="4.0" xmlns="http://schemas.microsoft.com/developer/msbuild/2003">
  <ItemGroup>
    <Filter Include="源文件">
      <UniqueIdentifier>{4FC737F1-C7A5-4376-A066-2A32D752A2FF}</UniqueIdentifier>
      <Extensions>cpp;c;cxx;def;odl;idl;hpj;bat;asm;asmx</Extensions>
    </Filter>
    <Filter Include="头文件">
      <UniqueIdentifier>{93995380-89BD-4b04-88EB-625FBE52EBFB}</UniqueIdentifier>
      <Extensions>h;hpp;hxx;hm;inl;inc;xsd</Extensions>
    </Filter>
    <Filter Include="资源文件">
      <UniqueIdentifier>{67DA6AB6-F800-4c08-8B7A-83BB121AAD01}</UniqueIdentifier>
      <Extensions>rc;ico;cur;bmp;dlg;rc2;rct;bin;rgs;gif;jpg;jpeg;jpe;resx</Extensions>
    </Filter>
  </ItemGroup>
  <ItemGroup>
    <ClCompile Include="source\Animation.cpp">
      <Filter>源文件</Filter>
    </ClCompile>
    <ClCompile Include="source\Appation.cpp">
      <Filter>源文件</Filter>
    </ClCompile>
    <ClCompile Include="source\BmpTextout.cpp">
      <Filter>源文件</Filter>
    </ClCompile>
    <ClCompile Include="source\BxmpTextout.cpp">
      <Filter>源文件</Filter>
    </ClCompile>
    <ClCompile Include="source\crc.cpp">
      <Filter>源文件</Filter>
    </ClCompile>
    <ClCompile Include="source\engine.cpp">
      <Filter>源文件</Filter>
    </ClCompile>
    <ClCompile Include="source\engine_color.cpp">
      <Filter>源文件</Filter>
    </ClCompile>
    <ClCompile Include="source\engine_script.cpp">
      <Filter>源文件</Filter>
    </ClCompile>
    <ClCompile Include="source\EngineState.cpp">
      <Filter>源文件</Filter>
    </ClCompile>
    <ClCompile Include="source\FilePackHelper.cpp">
      <Filter>源文件</Filter>
    </ClCompile>
    <ClCompile Include="source\FileStream.cpp">
      <Filter>源文件</Filter>
    </ClCompile>
    <ClCompile Include="source\FilterStream.cpp">
      <Filter>源文件</Filter>
    </ClCompile>
    <ClCompile Include="source\Fps.cpp">
      <Filter>源文件</Filter>
    </ClCompile>
    <ClCompile Include="source\frameAllocator.cpp">
      <Filter>源文件</Filter>
    </ClCompile>
    <ClCompile Include="source\Graphic.cpp">
      <Filter>源文件</Filter>
    </ClCompile>
    <ClCompile Include="source\IBitmap.cpp">
      <Filter>源文件</Filter>
    </ClCompile>
    <ClCompile Include="source\IBitmaps.cpp">
      <Filter>源文件</Filter>
    </ClCompile>
    <ClCompile Include="source\IDevice.cpp">
      <Filter>源文件</Filter>
    </ClCompile>
    <ClCompile Include="source\IGraphicCursor.cpp">
      <Filter>源文件</Filter>
    </ClCompile>
    <ClCompile Include="source\Ini.cpp">
      <Filter>源文件</Filter>
    </ClCompile>
    <ClCompile Include="source\Lock.cpp">
      <Filter>源文件</Filter>
    </ClCompile>
    <ClCompile Include="source\lookaside_alloc.cpp">
      <Filter>源文件</Filter>
    </ClCompile>
    <ClCompile Include="source\MemStream.cpp">
      <Filter>源文件</Filter>
    </ClCompile>
    <ClCompile Include="source\PackAggregate.cpp">
      <Filter>源文件</Filter>
    </ClCompile>
    <ClCompile Include="source\PackSubStream.cpp">
      <Filter>源文件</Filter>
    </ClCompile>
    <ClCompile Include="source\PhraseFilter.cpp">
      <Filter>源文件</Filter>
    </ClCompile>
    <ClCompile Include="source\ResizeFilterStream.cpp">
      <Filter>源文件</Filter>
    </ClCompile>
    <ClCompile Include="source\Socket.cpp">
      <Filter>源文件</Filter>
    </ClCompile>
    <ClCompile Include="source\Spell.cpp">
      <Filter>源文件</Filter>
    </ClCompile>
    <ClCompile Include="source\Stream.cpp">
      <Filter>源文件</Filter>
    </ClCompile>
    <ClCompile Include="source\StreamQueue.cpp">
      <Filter>源文件</Filter>
    </ClCompile>
    <ClCompile Include="source\stringex.cpp">
      <Filter>源文件</Filter>
    </ClCompile>
    <ClCompile Include="source\SystemInfo.cpp">
      <Filter>源文件</Filter>
    </ClCompile>
    <ClCompile Include="source\TBitmapList.cpp">
      <Filter>源文件</Filter>
    </ClCompile>
    <ClCompile Include="source\TCPSocket.cpp">
      <Filter>源文件</Filter>
    </ClCompile>
    <ClCompile Include="source\Thread.cpp">
      <Filter>源文件</Filter>
    </ClCompile>
    <ClCompile Include="source\Timer.cpp">
      <Filter>源文件</Filter>
    </ClCompile>
    <ClCompile Include="source\UdpSocket.cpp">
      <Filter>源文件</Filter>
    </ClCompile>
    <ClCompile Include="source\winFileio.cpp">
      <Filter>源文件</Filter>
    </ClCompile>
    <ClCompile Include="source\ZipAggregate.cpp">
      <Filter>源文件</Filter>
    </ClCompile>
    <ClCompile Include="source\zipHeader.cpp">
      <Filter>源文件</Filter>
    </ClCompile>
    <ClCompile Include="source\ZipSubStream.cpp">
      <Filter>源文件</Filter>
    </ClCompile>
  </ItemGroup>
  <ItemGroup>
    <ClInclude Include="include\Animation.h">
      <Filter>头文件</Filter>
    </ClInclude>
    <ClInclude Include="include\Appation.h">
      <Filter>头文件</Filter>
    </ClInclude>
    <ClInclude Include="include\BmpTextout.h">
      <Filter>头文件</Filter>
    </ClInclude>
    <ClInclude Include="include\BxmpTextout.h">
      <Filter>头文件</Filter>
    </ClInclude>
    <ClInclude Include="include\crc.h">
      <Filter>头文件</Filter>
    </ClInclude>
    <ClInclude Include="include\cSafeQueue.h">
      <Filter>头文件</Filter>
    </ClInclude>
    <ClInclude Include="include\engine.h">
      <Filter>头文件</Filter>
    </ClInclude>
    <ClInclude Include="include\engine_color.h">
      <Filter>头文件</Filter>
    </ClInclude>
    <ClInclude Include="include\engine_core.h">
      <Filter>头文件</Filter>
    </ClInclude>
    <ClInclude Include="include\engine_script.h">
      <Filter>头文件</Filter>
    </ClInclude>
    <ClInclude Include="include\EngineState.h">
      <Filter>头文件</Filter>
    </ClInclude>
    <ClInclude Include="include\File.h">
      <Filter>头文件</Filter>
    </ClInclude>
    <ClInclude Include="include\FilePackHelper.h">
      <Filter>头文件</Filter>
    </ClInclude>
    <ClInclude Include="include\FileStream.h">
      <Filter>头文件</Filter>
    </ClInclude>
    <ClInclude Include="include\FilterStream.h">
      <Filter>头文件</Filter>
    </ClInclude>
    <ClInclude Include="include\Fps.h">
      <Filter>头文件</Filter>
    </ClInclude>
    <ClInclude Include="include\frameAllocator.h">
      <Filter>头文件</Filter>
    </ClInclude>
    <ClInclude Include="include\graphic.h">
      <Filter>头文件</Filter>
    </ClInclude>
    <ClInclude Include="include\IBitmap.h">
      <Filter>头文件</Filter>
    </ClInclude>
    <ClInclude Include="include\IBitmapList.h">
      <Filter>头文件</Filter>
    </ClInclude>
    <ClInclude Include="include\IBitmaps.h">
      <Filter>头文件</Filter>
    </ClInclude>
    <ClInclude Include="include\IDevice.h">
      <Filter>头文件</Filter>
    </ClInclude>
    <ClInclude Include="include\ijl.h">
      <Filter>头文件</Filter>
    </ClInclude>
    <ClInclude Include="include\ILightMap.h">
      <Filter>头文件</Filter>
    </ClInclude>
    <ClInclude Include="include\Ini.h">
      <Filter>头文件</Filter>
    </ClInclude>
    <ClInclude Include="include\Lock.h">
      <Filter>头文件</Filter>
    </ClInclude>
    <ClInclude Include="include\Log.h">
      <Filter>头文件</Filter>
    </ClInclude>
    <ClInclude Include="include\lookaside_alloc.h">
      <Filter>头文件</Filter>
    </ClInclude>
    <ClInclude Include="include\MathEx.h">
      <Filter>头文件</Filter>
    </ClInclude>
    <ClInclude Include="include\MemStream.h">
      <Filter>头文件</Filter>
    </ClInclude>
    <ClInclude Include="include\PackAggregate.h">
      <Filter>头文件</Filter>
    </ClInclude>
    <ClInclude Include="include\PackSubStream.h">
      <Filter>头文件</Filter>
    </ClInclude>
    <ClInclude Include="include\PhraseFilter.h">
      <Filter>头文件</Filter>
    </ClInclude>
    <ClInclude Include="include\ResizeFilterStream.h">
      <Filter>头文件</Filter>
    </ClInclude>
    <ClInclude Include="include\simpleAllocator.h">
      <Filter>头文件</Filter>
    </ClInclude>
    <ClInclude Include="include\SimpleList.h">
      <Filter>头文件</Filter>
    </ClInclude>
    <ClInclude Include="include\Socket.h">
      <Filter>头文件</Filter>
    </ClInclude>
    <ClInclude Include="include\stack_alloc.h">
      <Filter>头文件</Filter>
    </ClInclude>
    <ClInclude Include="include\Stream.h">
      <Filter>头文件</Filter>
    </ClInclude>
    <ClInclude Include="include\StreamQueue.h">
      <Filter>头文件</Filter>
    </ClInclude>
    <ClInclude Include="include\streamtypes.h">
      <Filter>头文件</Filter>
    </ClInclude>
    <ClInclude Include="include\stringex.h">
      <Filter>头文件</Filter>
    </ClInclude>
    <ClInclude Include="include\SystemInfo.h">
      <Filter>头文件</Filter>
    </ClInclude>
    <ClInclude Include="include\TBitmapList.h">
      <Filter>头文件</Filter>
    </ClInclude>
    <ClInclude Include="include\TBitmaps.h">
      <Filter>头文件</Filter>
    </ClInclude>
    <ClInclude Include="include\TCPSocket.h">
      <Filter>头文件</Filter>
    </ClInclude>
    <ClInclude Include="include\Thread.h">
      <Filter>头文件</Filter>
    </ClInclude>
    <ClInclude Include="include\Timer.h">
      <Filter>头文件</Filter>
    </ClInclude>
    <ClInclude Include="include\UdpSocket.h">
      <Filter>头文件</Filter>
    </ClInclude>
    <ClInclude Include="include\ZipAggregate.h">
      <Filter>头文件</Filter>
    </ClInclude>
    <ClInclude Include="include\zipHeader.h">
      <Filter>头文件</Filter>
    </ClInclude>
    <ClInclude Include="include\ZipSubStream.h">
      <Filter>头文件</Filter>
    </ClInclude>
  </ItemGroup>
  <ItemGroup>
    <Text Include="ReadMe.txt" />
  </ItemGroup>
</Project>