<?xml version="1.0" encoding="utf-8"?>
<Project ToolsVersion="4.0" xmlns="http://schemas.microsoft.com/developer/msbuild/2003">
  <ItemGroup>
    <Filter Include="源文件">
      <UniqueIdentifier>{4FC737F1-C7A5-4376-A066-2A32D752A2FF}</UniqueIdentifier>
      <Extensions>cpp;c;cxx;def;odl;idl;hpj;bat;asm;asmx</Extensions>
    </Filter>
    <Filter Include="头文件">
      <UniqueIdentifier>{93995380-89BD-4b04-88EB-625FBE52EBFB}</UniqueIdentifier>
      <Extensions>h;hpp;hxx;hm;inl;inc;xsd</Extensions>
    </Filter>
    <Filter Include="资源文件">
      <UniqueIdentifier>{67DA6AB6-F800-4c08-8B7A-83BB121AAD01}</UniqueIdentifier>
      <Extensions>rc;ico;cur;bmp;dlg;rc2;rct;bin;rgs;gif;jpg;jpeg;jpe;resx</Extensions>
    </Filter>
  </ItemGroup>
  <ItemGroup>
    <ClCompile Include="source\AccelKey.cpp">
      <Filter>源文件</Filter>
    </ClCompile>
    <ClCompile Include="source\Cursor.cpp">
      <Filter>源文件</Filter>
    </ClCompile>
    <ClCompile Include="source\gui_script.cpp">
      <Filter>源文件</Filter>
    </ClCompile>
    <ClCompile Include="source\GuiButton.cpp">
      <Filter>源文件</Filter>
    </ClCompile>
    <ClCompile Include="source\GuiCheckBox.cpp">
      <Filter>源文件</Filter>
    </ClCompile>
    <ClCompile Include="source\GuiComboBox.cpp">
      <Filter>源文件</Filter>
    </ClCompile>
    <ClCompile Include="source\GuiControl.cpp">
      <Filter>源文件</Filter>
    </ClCompile>
    <ClCompile Include="source\GuiDialog.cpp">
      <Filter>源文件</Filter>
    </ClCompile>
    <ClCompile Include="source\GuiEditBox.cpp">
      <Filter>源文件</Filter>
    </ClCompile>
    <ClCompile Include="source\GuiElement.cpp">
      <Filter>源文件</Filter>
    </ClCompile>
    <ClCompile Include="source\GuiFloatItem.cpp">
      <Filter>源文件</Filter>
    </ClCompile>
    <ClCompile Include="source\GuiImage.cpp">
      <Filter>源文件</Filter>
    </ClCompile>
    <ClCompile Include="source\GuiItemCell.cpp">
      <Filter>源文件</Filter>
    </ClCompile>
    <ClCompile Include="source\GuiListBox.cpp">
      <Filter>源文件</Filter>
    </ClCompile>
    <ClCompile Include="source\GuiManager.cpp">
      <Filter>源文件</Filter>
    </ClCompile>
    <ClCompile Include="source\GuiMenu.cpp">
      <Filter>源文件</Filter>
    </ClCompile>
    <ClCompile Include="source\GuiMLEditBox.cpp">
      <Filter>源文件</Filter>
    </ClCompile>
    <ClCompile Include="source\GuiMLTextBox.cpp">
      <Filter>源文件</Filter>
    </ClCompile>
    <ClCompile Include="source\GuiPanel.cpp">
      <Filter>源文件</Filter>
    </ClCompile>
    <ClCompile Include="include\GuiProcess.cpp">
      <Filter>源文件</Filter>
    </ClCompile>
    <ClCompile Include="source\GuiRadioButton.cpp">
      <Filter>源文件</Filter>
    </ClCompile>
    <ClCompile Include="source\GuiScrollBar.cpp">
      <Filter>源文件</Filter>
    </ClCompile>
    <ClCompile Include="source\GuiScrollTab.cpp">
      <Filter>源文件</Filter>
    </ClCompile>
    <ClCompile Include="source\GuiSlider.cpp">
      <Filter>源文件</Filter>
    </ClCompile>
    <ClCompile Include="source\GuiStatic.cpp">
      <Filter>源文件</Filter>
    </ClCompile>
    <ClCompile Include="source\GuiTab.cpp">
      <Filter>源文件</Filter>
    </ClCompile>
    <ClCompile Include="source\GuiTable.cpp">
      <Filter>源文件</Filter>
    </ClCompile>
    <ClCompile Include="source\GuiTree.cpp">
      <Filter>源文件</Filter>
    </ClCompile>
    <ClCompile Include="source\guiTypes.cpp">
      <Filter>源文件</Filter>
    </ClCompile>
    <ClCompile Include="source\ToolTips.cpp">
      <Filter>源文件</Filter>
    </ClCompile>
  </ItemGroup>
  <ItemGroup>
    <ClInclude Include="include\AccelKey.h">
      <Filter>头文件</Filter>
    </ClInclude>
    <ClInclude Include="include\Cursor.h">
      <Filter>头文件</Filter>
    </ClInclude>
    <ClInclude Include="include\gui_script.h">
      <Filter>头文件</Filter>
    </ClInclude>
    <ClInclude Include="include\GuiButton.h">
      <Filter>头文件</Filter>
    </ClInclude>
    <ClInclude Include="include\GuiCheckBox.h">
      <Filter>头文件</Filter>
    </ClInclude>
    <ClInclude Include="include\GuiComboBox.h">
      <Filter>头文件</Filter>
    </ClInclude>
    <ClInclude Include="include\GuiControl.h">
      <Filter>头文件</Filter>
    </ClInclude>
    <ClInclude Include="include\GuiDialog.h">
      <Filter>头文件</Filter>
    </ClInclude>
    <ClInclude Include="include\GuiEditBox.h">
      <Filter>头文件</Filter>
    </ClInclude>
    <ClInclude Include="include\GuiElement.h">
      <Filter>头文件</Filter>
    </ClInclude>
    <ClInclude Include="include\GuiFloatItem.h">
      <Filter>头文件</Filter>
    </ClInclude>
    <ClInclude Include="include\GuiImage.h">
      <Filter>头文件</Filter>
    </ClInclude>
    <ClInclude Include="include\GuiImeEditBox.h">
      <Filter>头文件</Filter>
    </ClInclude>
    <ClInclude Include="include\GuiItemCell.h">
      <Filter>头文件</Filter>
    </ClInclude>
    <ClInclude Include="include\GuiListBox.h">
      <Filter>头文件</Filter>
    </ClInclude>
    <ClInclude Include="include\GuiManager.h">
      <Filter>头文件</Filter>
    </ClInclude>
    <ClInclude Include="include\GuiMenu.h">
      <Filter>头文件</Filter>
    </ClInclude>
    <ClInclude Include="include\GuiMLEditBox.h">
      <Filter>头文件</Filter>
    </ClInclude>
    <ClInclude Include="include\GuiMLTextBox.h">
      <Filter>头文件</Filter>
    </ClInclude>
    <ClInclude Include="include\GuiPanel.h">
      <Filter>头文件</Filter>
    </ClInclude>
    <ClInclude Include="include\GuiProcess.h">
      <Filter>头文件</Filter>
    </ClInclude>
    <ClInclude Include="include\GuiRadioButton.h">
      <Filter>头文件</Filter>
    </ClInclude>
    <ClInclude Include="include\GuiScrollBar.h">
      <Filter>头文件</Filter>
    </ClInclude>
    <ClInclude Include="include\GuiScrollTab.h">
      <Filter>头文件</Filter>
    </ClInclude>
    <ClInclude Include="include\GuiSlider.h">
      <Filter>头文件</Filter>
    </ClInclude>
    <ClInclude Include="include\GuiStatic.h">
      <Filter>头文件</Filter>
    </ClInclude>
    <ClInclude Include="include\GuiTab.h">
      <Filter>头文件</Filter>
    </ClInclude>
    <ClInclude Include="include\GuiTable.h">
      <Filter>头文件</Filter>
    </ClInclude>
    <ClInclude Include="include\GuiTree.h">
      <Filter>头文件</Filter>
    </ClInclude>
    <ClInclude Include="include\guiTypes.h">
      <Filter>头文件</Filter>
    </ClInclude>
    <ClInclude Include="include\ToolTips.h">
      <Filter>头文件</Filter>
    </ClInclude>
  </ItemGroup>
  <ItemGroup>
    <Xml Include="menuSmp.xml" />
  </ItemGroup>
  <ItemGroup>
    <Text Include="ReadMe.txt" />
  </ItemGroup>
</Project>